
Microsoft Visual Studio Solution File, Format Version 12.00
# Visual Studio 14
VisualStudioVersion = 14.0.24720.0
MinimumVisualStudioVersion = 10.0.40219.1
Project("{FAE04EC0-301F-11D3-BF4B-00C04F79EFBC}") = "Votr", "Votr\Votr.csproj", "{F769332A-45DF-4832-AC71-CE0B533C8835}"
EndProject
Project("{FAE04EC0-301F-11D3-BF4B-00C04F79EFBC}") = "Votr.Tests", "Votr.Tests\Votr.Tests.csproj", "{E10CFE0E-94D9-48A1-8103-5084DEB44748}"
EndProject
Global
	GlobalSection(SolutionConfigurationPlatforms) = preSolution
		Debug|Any CPU = Debug|Any CPU
		Release|Any CPU = Release|Any CPU
	EndGlobalSection
	GlobalSection(ProjectConfigurationPlatforms) = postSolution
		{F769332A-45DF-4832-AC71-CE0B533C8835}.Debug|Any CPU.ActiveCfg = Debug|Any CPU
		{F769332A-45DF-4832-AC71-CE0B533C8835}.Debug|Any CPU.Build.0 = Debug|Any CPU
		{F769332A-45DF-4832-AC71-CE0B533C8835}.Release|Any CPU.ActiveCfg = Release|Any CPU
		{F769332A-45DF-4832-AC71-CE0B533C8835}.Release|Any CPU.Build.0 = Release|Any CPU
		{E10CFE0E-94D9-48A1-8103-5084DEB44748}.Debug|Any CPU.ActiveCfg = Debug|Any CPU
		{E10CFE0E-94D9-48A1-8103-5084DEB44748}.Debug|Any CPU.Build.0 = Debug|Any CPU
		{E10CFE0E-94D9-48A1-8103-5084DEB44748}.Release|Any CPU.ActiveCfg = Release|Any CPU
		{E10CFE0E-94D9-48A1-8103-5084DEB44748}.Release|Any CPU.Build.0 = Release|Any CPU
	EndGlobalSection
	GlobalSection(SolutionProperties) = preSolution
		HideSolutionNode = FALSE
	EndGlobalSection
EndGlobal
